<?xml version="1.0" encoding="utf-8"?>
<Project ToolsVersion="4.0" xmlns="http://schemas.microsoft.com/developer/msbuild/2003">
  <ItemGroup>
    <Filter Include="Source Files">
      <UniqueIdentifier>{4FC737F1-C7A5-4376-A066-2A32D752A2FF}</UniqueIdentifier>
      <Extensions>cpp;c;cc;cxx;c++;cppm;ixx;def;odl;idl;hpj;bat;asm;asmx</Extensions>
    </Filter>
    <Filter Include="Header Files">
      <UniqueIdentifier>{93995380-89BD-4b04-88EB-625FBE52EBFB}</UniqueIdentifier>
      <Extensions>h;hh;hpp;hxx;h++;hm;inl;inc;ipp;xsd</Extensions>
    </Filter>
    <Filter Include="Resource Files">
      <UniqueIdentifier>{67DA6AB6-F800-4c08-8B7A-83BB121AAD01}</UniqueIdentifier>
      <Extensions>rc;ico;cur;bmp;dlg;rc2;rct;bin;rgs;gif;jpg;jpeg;jpe;resx;tiff;tif;png;wav;mfcribbon-ms</Extensions>
    </Filter>
  </ItemGroup>
  <ItemGroup>
    <ClCompile Include="main.cpp">
      <Filter>Source Files</Filter>
    </ClCompile>
    <ClCompile Include="Entidad.cpp">
      <Filter>Source Files</Filter>
    </ClCompile>
    <ClCompile Include="Nivel.cpp">
      <Filter>Source Files</Filter>
    </ClCompile>
    <ClCompile Include="Nivel1.cpp">
      <Filter>Source Files</Filter>
    </ClCompile>
    <ClCompile Include="Nivel2.cpp">
      <Filter>Source Files</Filter>
    </ClCompile>
    <ClCompile Include="Nivel3.cpp">
      <Filter>Source Files</Filter>
    </ClCompile>
    <ClCompile Include="Jugador.cpp">
      <Filter>Source Files</Filter>
    </ClCompile>
    <ClCompile Include="Tocapu.cpp">
      <Filter>Source Files</Filter>
    </ClCompile>
    <ClCompile Include="TocapuLinaje.cpp">
      <Filter>Source Files</Filter>
    </ClCompile>
    <ClCompile Include="TocapuJerarquia.cpp">
      <Filter>Source Files</Filter>
    </ClCompile>
    <ClCompile Include="TocapuTerritorio.cpp">
      <Filter>Source Files</Filter>
    </ClCompile>
    <ClCompile Include="Codice.cpp">
      <Filter>Source Files</Filter>
    </ClCompile>
    <ClCompile Include="SapaInca.cpp">
      <Filter>Source Files</Filter>
    </ClCompile>
    <ClCompile Include="BloqueNarrativo.cpp">
      <Filter>Source Files</Filter>
    </ClCompile>
    <ClCompile Include="Textil.cpp">
      <Filter>Source Files</Filter>
    </ClCompile>
    <ClCompile Include="Unku.cpp">
      <Filter>Source Files</Filter>
    </ClCompile>
    <ClCompile Include="Quero.cpp">
      <Filter>Source Files</Filter>
    </ClCompile>
    <ClCompile Include="Recursos.cpp">
      <Filter>Source Files</Filter>
    </ClCompile>
    <ClCompile Include="Escenarios.cpp">
      <Filter>Source Files</Filter>
    </ClCompile>
    <ClCompile Include="Escenarios_nivel1.cpp">
      <Filter>Source Files</Filter>
    </ClCompile>
    <ClCompile Include="Escenarios_nivel2.cpp">
      <Filter>Source Files</Filter>
    </ClCompile>
    <ClCompile Include="Escenarios_nivel3.cpp">
      <Filter>Source Files</Filter>
    </ClCompile>
  </ItemGroup>
  <ItemGroup>
    <ClInclude Include="Entidad.h">
      <Filter>Header Files</Filter>
    </ClInclude>
    <ClInclude Include="Nivel.h">
      <Filter>Header Files</Filter>
    </ClInclude>
    <ClInclude Include="Nivel1.h">
      <Filter>Header Files</Filter>
    </ClInclude>
    <ClInclude Include="Nivel2.h">
      <Filter>Header Files</Filter>
    </ClInclude>
    <ClInclude Include="Jugador.h">
      <Filter>Header Files</Filter>
    </ClInclude>
    <ClInclude Include="Nivel3.h">
      <Filter>Header Files</Filter>
    </ClInclude>
    <ClInclude Include="Tocapu.h">
      <Filter>Header Files</Filter>
    </ClInclude>
    <ClInclude Include="TocapuLinaje.h">
      <Filter>Header Files</Filter>
    </ClInclude>
    <ClInclude Include="TocapuTerritorio.h">
      <Filter>Header Files</Filter>
    </ClInclude>
    <ClInclude Include="TocapuJerarquia.h">
      <Filter>Header Files</Filter>
    </ClInclude>
    <ClInclude Include="Codice.h">
      <Filter>Header Files</Filter>
    </ClInclude>
    <ClInclude Include="SapaInca.h">
      <Filter>Header Files</Filter>
    </ClInclude>
    <ClInclude Include="BloqueNarrativo.h">
      <Filter>Header Files</Filter>
    </ClInclude>
    <ClInclude Include="Textil.h">
      <Filter>Header Files</Filter>
    </ClInclude>
    <ClInclude Include="Unku.h">
      <Filter>Header Files</Filter>
    </ClInclude>
    <ClInclude Include="Quero.h">
      <Filter>Header Files</Filter>
    </ClInclude>
    <ClInclude Include="Recursos.h">
      <Filter>Header Files</Filter>
    </ClInclude>
    <ClInclude Include="Escenarios.h">
      <Filter>Header Files</Filter>
    </ClInclude>
    <ClInclude Include="Escenarios_nivel1.h">
      <Filter>Header Files</Filter>
    </ClInclude>
    <ClInclude Include="Escenarios_nivel2.h">
      <Filter>Header Files</Filter>
    </ClInclude>
    <ClInclude Include="Escenarios_nivel3.h">
      <Filter>Header Files</Filter>
    </ClInclude>
  </ItemGroup>
</Project>